
Microsoft Visual Studio Solution File, Format Version 12.00
# Visual Studio 14
VisualStudioVersion = 14.0.25420.1
MinimumVisualStudioVersion = 10.0.40219.1
Project("{FAE04EC0-301F-11D3-BF4B-00C04F79EFBC}") = "AirScout", "AirScout\AirScout.csproj", "{17498590-2CFF-4D24-BFB8-549D14BD2545}"
EndProject
Project("{FAE04EC0-301F-11D3-BF4B-00C04F79EFBC}") = "AirScout.PlaneFeeds", "AirScout.PlaneFeeds\AirScout.PlaneFeeds.csproj", "{EA78AD40-1505-406F-8049-744E58D93F54}"
EndProject
Project("{FAE04EC0-301F-11D3-BF4B-00C04F79EFBC}") = "AirScoutPlaneServer", "AirScoutPlaneServer\AirScoutPlaneServer.csproj", "{5F5F4A33-9061-4F30-A08A-E68B4FB84D64}"
EndProject
Project("{FAE04EC0-301F-11D3-BF4B-00C04F79EFBC}") = "AquaGauge", "AquaGauge\AquaGauge.csproj", "{0E5542E0-FC5D-4F67-950D-9F28C5D1225A}"
EndProject
Project("{FAE04EC0-301F-11D3-BF4B-00C04F79EFBC}") = "CubicSpline", "CubicSpline\CubicSpline\CubicSpline.csproj", "{CD637EDA-E0C3-4ABF-8E24-A5B94892311C}"
EndProject
Project("{FAE04EC0-301F-11D3-BF4B-00C04F79EFBC}") = "GMap.NET.WindowsForms", "GreatMaps\GMap.NET.WindowsForms\GMap.NET.WindowsForms.csproj", "{E06DEF77-F933-42FB-AFD7-DB2D0D8D6A98}"
EndProject
Project("{FAE04EC0-301F-11D3-BF4B-00C04F79EFBC}") = "GMap.NET.Core", "GreatMaps\GMap.NET.Core\GMap.NET.Core.csproj", "{D0C39D9D-BED0-418B-9A5E-713176CAF40C}"
EndProject
Project("{FAE04EC0-301F-11D3-BF4B-00C04F79EFBC}") = "NDde", "NDDE\NDde\Source\NDde\NDde.csproj", "{D77772F9-3D3D-40BA-B95F-05C45878078F}"
EndProject
Project("{FAE04EC0-301F-11D3-BF4B-00C04F79EFBC}") = "Orbit", "OrbitTools\OrbitTools\Orbit\Orbit.csproj", "{BAA5FE10-3E3A-4D5D-AB3D-4B50D6AC0321}"
EndProject
Project("{FAE04EC0-301F-11D3-BF4B-00C04F79EFBC}") = "WinTest", "WinTest\WinTest.csproj", "{7B815C51-6896-4989-BD1B-8D2D7A116AA3}"
EndProject
Project("{FAE04EC0-301F-11D3-BF4B-00C04F79EFBC}") = "LibADSB", "LibADSB\LibADSB.csproj", "{A5775994-404F-4B2E-9FF7-4537BBE17506}"
EndProject
Project("{FAE04EC0-301F-11D3-BF4B-00C04F79EFBC}") = "ScoutBase.Core", "ScoutBase\ScoutBase.Core\ScoutBase.Core.csproj", "{EE86E933-D883-4B18-80EB-0FBA55EC67C6}"
EndProject
Project("{FAE04EC0-301F-11D3-BF4B-00C04F79EFBC}") = "ScoutBase.Elevation", "ScoutBase\ScoutBase.Elevation\ScoutBase.Elevation.csproj", "{009CABFD-726D-481F-972D-0A218E0AD9B9}"
EndProject
Project("{FAE04EC0-301F-11D3-BF4B-00C04F79EFBC}") = "AeroWizard", "AeroWizard\AeroWizard\AeroWizard.csproj", "{199C12C4-3EEF-4D08-BAC3-F2A62BCF969C}"
EndProject
Project("{FAE04EC0-301F-11D3-BF4B-00C04F79EFBC}") = "SerializableGenerics", "SerializableGenerics\SerializableGenerics.csproj", "{EF2EB181-4D5B-4418-A280-BFA1D53550BE}"
EndProject
Project("{FAE04EC0-301F-11D3-BF4B-00C04F79EFBC}") = "AirScoutDatabaseManager", "AirScoutDatabaseManager\AirScoutDatabaseManager.csproj", "{00062ABB-C482-4B06-BD1B-C49DE9ABA9E5}"
EndProject
Project("{FAE04EC0-301F-11D3-BF4B-00C04F79EFBC}") = "ElevationTileGenerator", "ElevationTileGenerator\ElevationTileGenerator.csproj", "{955CEA7D-37F6-4122-B4CA-B08C2B73969F}"
EndProject
Project("{FAE04EC0-301F-11D3-BF4B-00C04F79EFBC}") = "SQLiteDatabase", "SQLiteDatabase\SQLiteDatabase\SQLiteDatabase.csproj", "{6056D3BE-7002-4A6A-A9EA-6FF45122A3C7}"
EndProject
Project("{FAE04EC0-301F-11D3-BF4B-00C04F79EFBC}") = "HorizonGenerator", "HorizonGenerator\HorizonGenerator.csproj", "{ED1D9A86-30A9-4F0F-8FC8-E36B2EA01D0C}"
EndProject
Project("{FAE04EC0-301F-11D3-BF4B-00C04F79EFBC}") = "OxyPlot", "OxyPlot\Source\OxyPlot\OxyPlot.csproj", "{507DE008-21AC-469B-BC30-23B239832AF6}"
EndProject
Project("{FAE04EC0-301F-11D3-BF4B-00C04F79EFBC}") = "OxyPlot.WindowsForms", "OxyPlot\Source\OxyPlot.WindowsForms\OxyPlot.WindowsForms.csproj", "{8BC521AD-81CF-4E6C-8898-BE67527E7064}"
EndProject
Project("{FAE04EC0-301F-11D3-BF4B-00C04F79EFBC}") = "ScoutBase.Stations", "ScoutBase\ScoutBase.Stations\ScoutBase.Stations.csproj", "{358E87D7-849F-412A-B487-F7B7D585A7F9}"
EndProject
Project("{FAE04EC0-301F-11D3-BF4B-00C04F79EFBC}") = "ScoutBase.Propagation", "ScoutBase\ScoutBase.Propagation\ScoutBase.Propagation.csproj", "{610DB007-5F74-4B5D-8B71-5E2C163A99B3}"
EndProject
Project("{FAE04EC0-301F-11D3-BF4B-00C04F79EFBC}") = "Zip DLL", "DotNetZip\Zip\Zip DLL.csproj", "{D3B0AD67-44D8-4B3D-BED9-CE1FD6DE2C5A}"
EndProject
Project("{FAE04EC0-301F-11D3-BF4B-00C04F79EFBC}") = "AirScout.Aircrafts", "AirScout.Aircrafts\AirScout.Aircrafts.csproj", "{288A26EC-B690-41A2-84E5-61C9B7B74046}"
EndProject
Project("{FAE04EC0-301F-11D3-BF4B-00C04F79EFBC}") = "CustomScrollBar", "CustomScrollBar\CustomScrollBar.csproj", "{80C7DC34-E1F6-4DA8-AFFB-904C06A3623B}"
EndProject
Project("{FAE04EC0-301F-11D3-BF4B-00C04F79EFBC}") = "Orbit.Core", "OrbitTools\OrbitTools\Orbit.Core\Orbit.Core.csproj", "{99510ED5-99E0-405D-BCAC-9159A7426D61}"
EndProject
Project("{FAE04EC0-301F-11D3-BF4B-00C04F79EFBC}") = "AirScoutViewClient", "AirScoutViewClient\AirScoutViewClient.csproj", "{930668AA-0DD9-42A9-889A-D319567F1473}"
EndProject
Project("{FAE04EC0-301F-11D3-BF4B-00C04F79EFBC}") = "AirScout.Core", "AirScout.Core\AirScout.Core.csproj", "{41B66BE4-6086-4AE3-BE31-C81EE6B10154}"
EndProject
Project("{FAE04EC0-301F-11D3-BF4B-00C04F79EFBC}") = "AirScout.AircraftPositions", "AirScout.AircraftPositions\AirScout.AircraftPositions.csproj", "{BE467E28-C202-4D71-BB17-9086861AD75F}"
EndProject
Project("{FAE04EC0-301F-11D3-BF4B-00C04F79EFBC}") = "AirScout.Signals", "AirScout.Signals\AirScout.Signals.csproj", "{3D34943B-CACA-426D-9FC0-661531668E87}"
EndProject
Global
	GlobalSection(SolutionConfigurationPlatforms) = preSolution
		Debug|Any CPU = Debug|Any CPU
		Debug|Mixed Platforms = Debug|Mixed Platforms
		Debug|x86 = Debug|x86
		Release|Any CPU = Release|Any CPU
		Release|Mixed Platforms = Release|Mixed Platforms
		Release|x86 = Release|x86
	EndGlobalSection
	GlobalSection(ProjectConfigurationPlatforms) = postSolution
		{17498590-2CFF-4D24-BFB8-549D14BD2545}.Debug|Any CPU.ActiveCfg = Debug|Any CPU
		{17498590-2CFF-4D24-BFB8-549D14BD2545}.Debug|Any CPU.Build.0 = Debug|Any CPU
		{17498590-2CFF-4D24-BFB8-549D14BD2545}.Debug|Mixed Platforms.ActiveCfg = Debug|Any CPU
		{17498590-2CFF-4D24-BFB8-549D14BD2545}.Debug|Mixed Platforms.Build.0 = Debug|Any CPU
		{17498590-2CFF-4D24-BFB8-549D14BD2545}.Debug|x86.ActiveCfg = Debug|x86
		{17498590-2CFF-4D24-BFB8-549D14BD2545}.Release|Any CPU.ActiveCfg = Release|Any CPU
		{17498590-2CFF-4D24-BFB8-549D14BD2545}.Release|Any CPU.Build.0 = Release|Any CPU
		{17498590-2CFF-4D24-BFB8-549D14BD2545}.Release|Mixed Platforms.ActiveCfg = Release|Any CPU
		{17498590-2CFF-4D24-BFB8-549D14BD2545}.Release|Mixed Platforms.Build.0 = Release|Any CPU
		{17498590-2CFF-4D24-BFB8-549D14BD2545}.Release|x86.ActiveCfg = Release|x86
		{17498590-2CFF-4D24-BFB8-549D14BD2545}.Release|x86.Build.0 = Release|x86
		{EA78AD40-1505-406F-8049-744E58D93F54}.Debug|Any CPU.ActiveCfg = Debug|Any CPU
		{EA78AD40-1505-406F-8049-744E58D93F54}.Debug|Any CPU.Build.0 = Debug|Any CPU
		{EA78AD40-1505-406F-8049-744E58D93F54}.Debug|Mixed Platforms.ActiveCfg = Debug|Any CPU
		{EA78AD40-1505-406F-8049-744E58D93F54}.Debug|Mixed Platforms.Build.0 = Debug|Any CPU
		{EA78AD40-1505-406F-8049-744E58D93F54}.Debug|x86.ActiveCfg = Debug|x86
		{EA78AD40-1505-406F-8049-744E58D93F54}.Release|Any CPU.ActiveCfg = Release|Any CPU
		{EA78AD40-1505-406F-8049-744E58D93F54}.Release|Any CPU.Build.0 = Release|Any CPU
		{EA78AD40-1505-406F-8049-744E58D93F54}.Release|Mixed Platforms.ActiveCfg = Release|Any CPU
		{EA78AD40-1505-406F-8049-744E58D93F54}.Release|Mixed Platforms.Build.0 = Release|Any CPU
		{EA78AD40-1505-406F-8049-744E58D93F54}.Release|x86.ActiveCfg = Release|Any CPU
		{5F5F4A33-9061-4F30-A08A-E68B4FB84D64}.Debug|Any CPU.ActiveCfg = Debug|Any CPU
		{5F5F4A33-9061-4F30-A08A-E68B4FB84D64}.Debug|Mixed Platforms.ActiveCfg = Debug|x86
		{5F5F4A33-9061-4F30-A08A-E68B4FB84D64}.Debug|Mixed Platforms.Build.0 = Debug|x86
		{5F5F4A33-9061-4F30-A08A-E68B4FB84D64}.Debug|x86.ActiveCfg = Debug|x86
		{5F5F4A33-9061-4F30-A08A-E68B4FB84D64}.Release|Any CPU.ActiveCfg = Release|x86
		{5F5F4A33-9061-4F30-A08A-E68B4FB84D64}.Release|Mixed Platforms.ActiveCfg = Release|x86
		{5F5F4A33-9061-4F30-A08A-E68B4FB84D64}.Release|Mixed Platforms.Build.0 = Release|x86
		{5F5F4A33-9061-4F30-A08A-E68B4FB84D64}.Release|x86.ActiveCfg = Release|x86
		{5F5F4A33-9061-4F30-A08A-E68B4FB84D64}.Release|x86.Build.0 = Release|x86
		{0E5542E0-FC5D-4F67-950D-9F28C5D1225A}.Debug|Any CPU.ActiveCfg = Debug|Any CPU
		{0E5542E0-FC5D-4F67-950D-9F28C5D1225A}.Debug|Any CPU.Build.0 = Debug|Any CPU
		{0E5542E0-FC5D-4F67-950D-9F28C5D1225A}.Debug|Mixed Platforms.ActiveCfg = Debug|Any CPU
		{0E5542E0-FC5D-4F67-950D-9F28C5D1225A}.Debug|Mixed Platforms.Build.0 = Debug|Any CPU
		{0E5542E0-FC5D-4F67-950D-9F28C5D1225A}.Debug|x86.ActiveCfg = Debug|Any CPU
		{0E5542E0-FC5D-4F67-950D-9F28C5D1225A}.Release|Any CPU.ActiveCfg = Release|Any CPU
		{0E5542E0-FC5D-4F67-950D-9F28C5D1225A}.Release|Any CPU.Build.0 = Release|Any CPU
		{0E5542E0-FC5D-4F67-950D-9F28C5D1225A}.Release|Mixed Platforms.ActiveCfg = Release|Any CPU
		{0E5542E0-FC5D-4F67-950D-9F28C5D1225A}.Release|Mixed Platforms.Build.0 = Release|Any CPU
		{0E5542E0-FC5D-4F67-950D-9F28C5D1225A}.Release|x86.ActiveCfg = Release|Any CPU
		{CD637EDA-E0C3-4ABF-8E24-A5B94892311C}.Debug|Any CPU.ActiveCfg = Debug|Any CPU
		{CD637EDA-E0C3-4ABF-8E24-A5B94892311C}.Debug|Any CPU.Build.0 = Debug|Any CPU
		{CD637EDA-E0C3-4ABF-8E24-A5B94892311C}.Debug|Mixed Platforms.ActiveCfg = Debug|Any CPU
		{CD637EDA-E0C3-4ABF-8E24-A5B94892311C}.Debug|Mixed Platforms.Build.0 = Debug|Any CPU
		{CD637EDA-E0C3-4ABF-8E24-A5B94892311C}.Debug|x86.ActiveCfg = Debug|Any CPU
		{CD637EDA-E0C3-4ABF-8E24-A5B94892311C}.Release|Any CPU.ActiveCfg = Release|Any CPU
		{CD637EDA-E0C3-4ABF-8E24-A5B94892311C}.Release|Any CPU.Build.0 = Release|Any CPU
		{CD637EDA-E0C3-4ABF-8E24-A5B94892311C}.Release|Mixed Platforms.ActiveCfg = Release|Any CPU
		{CD637EDA-E0C3-4ABF-8E24-A5B94892311C}.Release|Mixed Platforms.Build.0 = Release|Any CPU
		{CD637EDA-E0C3-4ABF-8E24-A5B94892311C}.Release|x86.ActiveCfg = Release|Any CPU
		{E06DEF77-F933-42FB-AFD7-DB2D0D8D6A98}.Debug|Any CPU.ActiveCfg = Debug|Any CPU
		{E06DEF77-F933-42FB-AFD7-DB2D0D8D6A98}.Debug|Any CPU.Build.0 = Debug|Any CPU
		{E06DEF77-F933-42FB-AFD7-DB2D0D8D6A98}.Debug|Mixed Platforms.ActiveCfg = Debug|x86
		{E06DEF77-F933-42FB-AFD7-DB2D0D8D6A98}.Debug|Mixed Platforms.Build.0 = Debug|x86
		{E06DEF77-F933-42FB-AFD7-DB2D0D8D6A98}.Debug|x86.ActiveCfg = Debug|x86
		{E06DEF77-F933-42FB-AFD7-DB2D0D8D6A98}.Release|Any CPU.ActiveCfg = Release|Any CPU
		{E06DEF77-F933-42FB-AFD7-DB2D0D8D6A98}.Release|Any CPU.Build.0 = Release|Any CPU
		{E06DEF77-F933-42FB-AFD7-DB2D0D8D6A98}.Release|Mixed Platforms.ActiveCfg = Release|x86
		{E06DEF77-F933-42FB-AFD7-DB2D0D8D6A98}.Release|Mixed Platforms.Build.0 = Release|x86
		{E06DEF77-F933-42FB-AFD7-DB2D0D8D6A98}.Release|x86.ActiveCfg = Release|x86
		{E06DEF77-F933-42FB-AFD7-DB2D0D8D6A98}.Release|x86.Build.0 = Release|x86
		{D0C39D9D-BED0-418B-9A5E-713176CAF40C}.Debug|Any CPU.ActiveCfg = Debug|Any CPU
		{D0C39D9D-BED0-418B-9A5E-713176CAF40C}.Debug|Any CPU.Build.0 = Debug|Any CPU
		{D0C39D9D-BED0-418B-9A5E-713176CAF40C}.Debug|Mixed Platforms.ActiveCfg = Debug|x86
		{D0C39D9D-BED0-418B-9A5E-713176CAF40C}.Debug|Mixed Platforms.Build.0 = Debug|x86
		{D0C39D9D-BED0-418B-9A5E-713176CAF40C}.Debug|x86.ActiveCfg = Debug|x86
		{D0C39D9D-BED0-418B-9A5E-713176CAF40C}.Release|Any CPU.ActiveCfg = Release|Any CPU
		{D0C39D9D-BED0-418B-9A5E-713176CAF40C}.Release|Any CPU.Build.0 = Release|Any CPU
		{D0C39D9D-BED0-418B-9A5E-713176CAF40C}.Release|Mixed Platforms.ActiveCfg = Release|x86
		{D0C39D9D-BED0-418B-9A5E-713176CAF40C}.Release|Mixed Platforms.Build.0 = Release|x86
		{D0C39D9D-BED0-418B-9A5E-713176CAF40C}.Release|x86.ActiveCfg = Release|x86
		{D0C39D9D-BED0-418B-9A5E-713176CAF40C}.Release|x86.Build.0 = Release|x86
		{D77772F9-3D3D-40BA-B95F-05C45878078F}.Debug|Any CPU.ActiveCfg = Debug|Any CPU
		{D77772F9-3D3D-40BA-B95F-05C45878078F}.Debug|Any CPU.Build.0 = Debug|Any CPU
		{D77772F9-3D3D-40BA-B95F-05C45878078F}.Debug|Mixed Platforms.ActiveCfg = Debug|Any CPU
		{D77772F9-3D3D-40BA-B95F-05C45878078F}.Debug|Mixed Platforms.Build.0 = Debug|Any CPU
		{D77772F9-3D3D-40BA-B95F-05C45878078F}.Debug|x86.ActiveCfg = Debug|Any CPU
		{D77772F9-3D3D-40BA-B95F-05C45878078F}.Release|Any CPU.ActiveCfg = Release|Any CPU
		{D77772F9-3D3D-40BA-B95F-05C45878078F}.Release|Any CPU.Build.0 = Release|Any CPU
		{D77772F9-3D3D-40BA-B95F-05C45878078F}.Release|Mixed Platforms.ActiveCfg = Release|Any CPU
		{D77772F9-3D3D-40BA-B95F-05C45878078F}.Release|Mixed Platforms.Build.0 = Release|Any CPU
		{D77772F9-3D3D-40BA-B95F-05C45878078F}.Release|x86.ActiveCfg = Release|Any CPU
		{BAA5FE10-3E3A-4D5D-AB3D-4B50D6AC0321}.Debug|Any CPU.ActiveCfg = Debug|Any CPU
		{BAA5FE10-3E3A-4D5D-AB3D-4B50D6AC0321}.Debug|Any CPU.Build.0 = Debug|Any CPU
		{BAA5FE10-3E3A-4D5D-AB3D-4B50D6AC0321}.Debug|Mixed Platforms.ActiveCfg = Debug|x86
		{BAA5FE10-3E3A-4D5D-AB3D-4B50D6AC0321}.Debug|Mixed Platforms.Build.0 = Debug|x86
		{BAA5FE10-3E3A-4D5D-AB3D-4B50D6AC0321}.Debug|x86.ActiveCfg = Debug|x86
		{BAA5FE10-3E3A-4D5D-AB3D-4B50D6AC0321}.Release|Any CPU.ActiveCfg = Release|Any CPU
		{BAA5FE10-3E3A-4D5D-AB3D-4B50D6AC0321}.Release|Any CPU.Build.0 = Release|Any CPU
		{BAA5FE10-3E3A-4D5D-AB3D-4B50D6AC0321}.Release|Mixed Platforms.ActiveCfg = Release|x86
		{BAA5FE10-3E3A-4D5D-AB3D-4B50D6AC0321}.Release|Mixed Platforms.Build.0 = Release|x86
		{BAA5FE10-3E3A-4D5D-AB3D-4B50D6AC0321}.Release|x86.ActiveCfg = Release|x86
		{BAA5FE10-3E3A-4D5D-AB3D-4B50D6AC0321}.Release|x86.Build.0 = Release|x86
		{7B815C51-6896-4989-BD1B-8D2D7A116AA3}.Debug|Any CPU.ActiveCfg = Debug|Any CPU
		{7B815C51-6896-4989-BD1B-8D2D7A116AA3}.Debug|Any CPU.Build.0 = Debug|Any CPU
		{7B815C51-6896-4989-BD1B-8D2D7A116AA3}.Debug|Mixed Platforms.ActiveCfg = Debug|Any CPU
		{7B815C51-6896-4989-BD1B-8D2D7A116AA3}.Debug|Mixed Platforms.Build.0 = Debug|Any CPU
		{7B815C51-6896-4989-BD1B-8D2D7A116AA3}.Debug|x86.ActiveCfg = Debug|Any CPU
		{7B815C51-6896-4989-BD1B-8D2D7A116AA3}.Debug|x86.Build.0 = Debug|Any CPU
		{7B815C51-6896-4989-BD1B-8D2D7A116AA3}.Release|Any CPU.ActiveCfg = Release|Any CPU
		{7B815C51-6896-4989-BD1B-8D2D7A116AA3}.Release|Any CPU.Build.0 = Release|Any CPU
		{7B815C51-6896-4989-BD1B-8D2D7A116AA3}.Release|Mixed Platforms.ActiveCfg = Release|Any CPU
		{7B815C51-6896-4989-BD1B-8D2D7A116AA3}.Release|Mixed Platforms.Build.0 = Release|Any CPU
		{7B815C51-6896-4989-BD1B-8D2D7A116AA3}.Release|x86.ActiveCfg = Release|Any CPU
		{A5775994-404F-4B2E-9FF7-4537BBE17506}.Debug|Any CPU.ActiveCfg = Debug|Any CPU
		{A5775994-404F-4B2E-9FF7-4537BBE17506}.Debug|Any CPU.Build.0 = Debug|Any CPU
		{A5775994-404F-4B2E-9FF7-4537BBE17506}.Debug|Mixed Platforms.ActiveCfg = Debug|Any CPU
		{A5775994-404F-4B2E-9FF7-4537BBE17506}.Debug|Mixed Platforms.Build.0 = Debug|Any CPU
		{A5775994-404F-4B2E-9FF7-4537BBE17506}.Debug|x86.ActiveCfg = Debug|Any CPU
		{A5775994-404F-4B2E-9FF7-4537BBE17506}.Release|Any CPU.ActiveCfg = Release|Any CPU
		{A5775994-404F-4B2E-9FF7-4537BBE17506}.Release|Any CPU.Build.0 = Release|Any CPU
		{A5775994-404F-4B2E-9FF7-4537BBE17506}.Release|Mixed Platforms.ActiveCfg = Release|Any CPU
		{A5775994-404F-4B2E-9FF7-4537BBE17506}.Release|Mixed Platforms.Build.0 = Release|Any CPU
		{A5775994-404F-4B2E-9FF7-4537BBE17506}.Release|x86.ActiveCfg = Release|Any CPU
		{EE86E933-D883-4B18-80EB-0FBA55EC67C6}.Debug|Any CPU.ActiveCfg = Debug|Any CPU
		{EE86E933-D883-4B18-80EB-0FBA55EC67C6}.Debug|Any CPU.Build.0 = Debug|Any CPU
		{EE86E933-D883-4B18-80EB-0FBA55EC67C6}.Debug|Mixed Platforms.ActiveCfg = Debug|x86
		{EE86E933-D883-4B18-80EB-0FBA55EC67C6}.Debug|Mixed Platforms.Build.0 = Debug|x86
		{EE86E933-D883-4B18-80EB-0FBA55EC67C6}.Debug|x86.ActiveCfg = Debug|Any CPU
		{EE86E933-D883-4B18-80EB-0FBA55EC67C6}.Debug|x86.Build.0 = Debug|Any CPU
		{EE86E933-D883-4B18-80EB-0FBA55EC67C6}.Release|Any CPU.ActiveCfg = Release|Any CPU
		{EE86E933-D883-4B18-80EB-0FBA55EC67C6}.Release|Any CPU.Build.0 = Release|Any CPU
		{EE86E933-D883-4B18-80EB-0FBA55EC67C6}.Release|Mixed Platforms.ActiveCfg = Release|x86
		{EE86E933-D883-4B18-80EB-0FBA55EC67C6}.Release|Mixed Platforms.Build.0 = Release|x86
		{EE86E933-D883-4B18-80EB-0FBA55EC67C6}.Release|x86.ActiveCfg = Release|x86
		{EE86E933-D883-4B18-80EB-0FBA55EC67C6}.Release|x86.Build.0 = Release|x86
		{009CABFD-726D-481F-972D-0A218E0AD9B9}.Debug|Any CPU.ActiveCfg = Debug|Any CPU
		{009CABFD-726D-481F-972D-0A218E0AD9B9}.Debug|Any CPU.Build.0 = Debug|Any CPU
		{009CABFD-726D-481F-972D-0A218E0AD9B9}.Debug|Mixed Platforms.ActiveCfg = Debug|Any CPU
		{009CABFD-726D-481F-972D-0A218E0AD9B9}.Debug|Mixed Platforms.Build.0 = Debug|Any CPU
		{009CABFD-726D-481F-972D-0A218E0AD9B9}.Debug|x86.ActiveCfg = Debug|Any CPU
		{009CABFD-726D-481F-972D-0A218E0AD9B9}.Debug|x86.Build.0 = Debug|Any CPU
		{009CABFD-726D-481F-972D-0A218E0AD9B9}.Release|Any CPU.ActiveCfg = Release|Any CPU
		{009CABFD-726D-481F-972D-0A218E0AD9B9}.Release|Any CPU.Build.0 = Release|Any CPU
		{009CABFD-726D-481F-972D-0A218E0AD9B9}.Release|Mixed Platforms.ActiveCfg = Release|Any CPU
		{009CABFD-726D-481F-972D-0A218E0AD9B9}.Release|Mixed Platforms.Build.0 = Release|Any CPU
		{009CABFD-726D-481F-972D-0A218E0AD9B9}.Release|x86.ActiveCfg = Release|Any CPU
		{199C12C4-3EEF-4D08-BAC3-F2A62BCF969C}.Debug|Any CPU.ActiveCfg = Debug|Any CPU
		{199C12C4-3EEF-4D08-BAC3-F2A62BCF969C}.Debug|Any CPU.Build.0 = Debug|Any CPU
		{199C12C4-3EEF-4D08-BAC3-F2A62BCF969C}.Debug|Mixed Platforms.ActiveCfg = Debug|Any CPU
		{199C12C4-3EEF-4D08-BAC3-F2A62BCF969C}.Debug|Mixed Platforms.Build.0 = Debug|Any CPU
		{199C12C4-3EEF-4D08-BAC3-F2A62BCF969C}.Debug|x86.ActiveCfg = Debug|Any CPU
		{199C12C4-3EEF-4D08-BAC3-F2A62BCF969C}.Debug|x86.Deploy.0 = Debug|Any CPU
		{199C12C4-3EEF-4D08-BAC3-F2A62BCF969C}.Release|Any CPU.ActiveCfg = Release|Any CPU
		{199C12C4-3EEF-4D08-BAC3-F2A62BCF969C}.Release|Any CPU.Build.0 = Release|Any CPU
		{199C12C4-3EEF-4D08-BAC3-F2A62BCF969C}.Release|Mixed Platforms.ActiveCfg = Release|Any CPU
		{199C12C4-3EEF-4D08-BAC3-F2A62BCF969C}.Release|Mixed Platforms.Build.0 = Release|Any CPU
		{199C12C4-3EEF-4D08-BAC3-F2A62BCF969C}.Release|x86.ActiveCfg = Release|Any CPU
		{199C12C4-3EEF-4D08-BAC3-F2A62BCF969C}.Release|x86.Build.0 = Release|Any CPU
		{EF2EB181-4D5B-4418-A280-BFA1D53550BE}.Debug|Any CPU.ActiveCfg = Debug|Any CPU
		{EF2EB181-4D5B-4418-A280-BFA1D53550BE}.Debug|Any CPU.Build.0 = Debug|Any CPU
		{EF2EB181-4D5B-4418-A280-BFA1D53550BE}.Debug|Mixed Platforms.ActiveCfg = Debug|Any CPU
		{EF2EB181-4D5B-4418-A280-BFA1D53550BE}.Debug|Mixed Platforms.Build.0 = Debug|Any CPU
		{EF2EB181-4D5B-4418-A280-BFA1D53550BE}.Debug|x86.ActiveCfg = Debug|Any CPU
		{EF2EB181-4D5B-4418-A280-BFA1D53550BE}.Debug|x86.Build.0 = Debug|Any CPU
		{EF2EB181-4D5B-4418-A280-BFA1D53550BE}.Release|Any CPU.ActiveCfg = Release|Any CPU
		{EF2EB181-4D5B-4418-A280-BFA1D53550BE}.Release|Any CPU.Build.0 = Release|Any CPU
		{EF2EB181-4D5B-4418-A280-BFA1D53550BE}.Release|Mixed Platforms.ActiveCfg = Release|Any CPU
		{EF2EB181-4D5B-4418-A280-BFA1D53550BE}.Release|Mixed Platforms.Build.0 = Release|Any CPU
		{EF2EB181-4D5B-4418-A280-BFA1D53550BE}.Release|x86.ActiveCfg = Release|Any CPU
		{EF2EB181-4D5B-4418-A280-BFA1D53550BE}.Release|x86.Build.0 = Release|Any CPU
		{00062ABB-C482-4B06-BD1B-C49DE9ABA9E5}.Debug|Any CPU.ActiveCfg = Debug|Any CPU
		{00062ABB-C482-4B06-BD1B-C49DE9ABA9E5}.Debug|Any CPU.Build.0 = Debug|Any CPU
		{00062ABB-C482-4B06-BD1B-C49DE9ABA9E5}.Debug|Mixed Platforms.ActiveCfg = Debug|x86
		{00062ABB-C482-4B06-BD1B-C49DE9ABA9E5}.Debug|Mixed Platforms.Build.0 = Debug|x86
		{00062ABB-C482-4B06-BD1B-C49DE9ABA9E5}.Debug|x86.ActiveCfg = Debug|x86
		{00062ABB-C482-4B06-BD1B-C49DE9ABA9E5}.Release|Any CPU.ActiveCfg = Release|x86
		{00062ABB-C482-4B06-BD1B-C49DE9ABA9E5}.Release|Mixed Platforms.ActiveCfg = Release|x86
		{00062ABB-C482-4B06-BD1B-C49DE9ABA9E5}.Release|Mixed Platforms.Build.0 = Release|x86
		{00062ABB-C482-4B06-BD1B-C49DE9ABA9E5}.Release|x86.ActiveCfg = Release|x86
		{00062ABB-C482-4B06-BD1B-C49DE9ABA9E5}.Release|x86.Build.0 = Release|x86
		{955CEA7D-37F6-4122-B4CA-B08C2B73969F}.Debug|Any CPU.ActiveCfg = Debug|Any CPU
		{955CEA7D-37F6-4122-B4CA-B08C2B73969F}.Debug|Mixed Platforms.ActiveCfg = Debug|Any CPU
		{955CEA7D-37F6-4122-B4CA-B08C2B73969F}.Debug|Mixed Platforms.Build.0 = Debug|Any CPU
		{955CEA7D-37F6-4122-B4CA-B08C2B73969F}.Debug|x86.ActiveCfg = Debug|x86
		{955CEA7D-37F6-4122-B4CA-B08C2B73969F}.Release|Any CPU.ActiveCfg = Release|Any CPU
		{955CEA7D-37F6-4122-B4CA-B08C2B73969F}.Release|Any CPU.Build.0 = Release|Any CPU
		{955CEA7D-37F6-4122-B4CA-B08C2B73969F}.Release|Mixed Platforms.ActiveCfg = Release|Any CPU
		{955CEA7D-37F6-4122-B4CA-B08C2B73969F}.Release|Mixed Platforms.Build.0 = Release|Any CPU
		{955CEA7D-37F6-4122-B4CA-B08C2B73969F}.Release|x86.ActiveCfg = Release|Any CPU
		{955CEA7D-37F6-4122-B4CA-B08C2B73969F}.Release|x86.Build.0 = Release|Any CPU
		{6056D3BE-7002-4A6A-A9EA-6FF45122A3C7}.Debug|Any CPU.ActiveCfg = Debug|Any CPU
		{6056D3BE-7002-4A6A-A9EA-6FF45122A3C7}.Debug|Any CPU.Build.0 = Debug|Any CPU
		{6056D3BE-7002-4A6A-A9EA-6FF45122A3C7}.Debug|Mixed Platforms.ActiveCfg = Debug|x86
		{6056D3BE-7002-4A6A-A9EA-6FF45122A3C7}.Debug|Mixed Platforms.Build.0 = Debug|x86
		{6056D3BE-7002-4A6A-A9EA-6FF45122A3C7}.Debug|x86.ActiveCfg = Debug|Any CPU
		{6056D3BE-7002-4A6A-A9EA-6FF45122A3C7}.Debug|x86.Build.0 = Debug|Any CPU
		{6056D3BE-7002-4A6A-A9EA-6FF45122A3C7}.Release|Any CPU.ActiveCfg = Release|Any CPU
		{6056D3BE-7002-4A6A-A9EA-6FF45122A3C7}.Release|Any CPU.Build.0 = Release|Any CPU
		{6056D3BE-7002-4A6A-A9EA-6FF45122A3C7}.Release|Mixed Platforms.ActiveCfg = Release|x86
		{6056D3BE-7002-4A6A-A9EA-6FF45122A3C7}.Release|Mixed Platforms.Build.0 = Release|x86
		{6056D3BE-7002-4A6A-A9EA-6FF45122A3C7}.Release|x86.ActiveCfg = Release|x86
		{6056D3BE-7002-4A6A-A9EA-6FF45122A3C7}.Release|x86.Build.0 = Release|x86
		{ED1D9A86-30A9-4F0F-8FC8-E36B2EA01D0C}.Debug|Any CPU.ActiveCfg = Debug|Any CPU
		{ED1D9A86-30A9-4F0F-8FC8-E36B2EA01D0C}.Debug|Mixed Platforms.ActiveCfg = Debug|Any CPU
		{ED1D9A86-30A9-4F0F-8FC8-E36B2EA01D0C}.Debug|Mixed Platforms.Build.0 = Debug|Any CPU
		{ED1D9A86-30A9-4F0F-8FC8-E36B2EA01D0C}.Debug|x86.ActiveCfg = Debug|Any CPU
		{ED1D9A86-30A9-4F0F-8FC8-E36B2EA01D0C}.Debug|x86.Build.0 = Debug|Any CPU
		{ED1D9A86-30A9-4F0F-8FC8-E36B2EA01D0C}.Release|Any CPU.ActiveCfg = Release|Any CPU
		{ED1D9A86-30A9-4F0F-8FC8-E36B2EA01D0C}.Release|Any CPU.Build.0 = Release|Any CPU
		{ED1D9A86-30A9-4F0F-8FC8-E36B2EA01D0C}.Release|Mixed Platforms.ActiveCfg = Release|Any CPU
		{ED1D9A86-30A9-4F0F-8FC8-E36B2EA01D0C}.Release|Mixed Platforms.Build.0 = Release|Any CPU
		{ED1D9A86-30A9-4F0F-8FC8-E36B2EA01D0C}.Release|x86.ActiveCfg = Release|Any CPU
		{ED1D9A86-30A9-4F0F-8FC8-E36B2EA01D0C}.Release|x86.Build.0 = Release|Any CPU
		{507DE008-21AC-469B-BC30-23B239832AF6}.Debug|Any CPU.ActiveCfg = Debug|Any CPU
		{507DE008-21AC-469B-BC30-23B239832AF6}.Debug|Any CPU.Build.0 = Debug|Any CPU
		{507DE008-21AC-469B-BC30-23B239832AF6}.Debug|Mixed Platforms.ActiveCfg = Debug|Any CPU
		{507DE008-21AC-469B-BC30-23B239832AF6}.Debug|Mixed Platforms.Build.0 = Debug|Any CPU
		{507DE008-21AC-469B-BC30-23B239832AF6}.Debug|x86.ActiveCfg = Debug|Any CPU
		{507DE008-21AC-469B-BC30-23B239832AF6}.Debug|x86.Build.0 = Debug|Any CPU
		{507DE008-21AC-469B-BC30-23B239832AF6}.Release|Any CPU.ActiveCfg = Release|Any CPU
		{507DE008-21AC-469B-BC30-23B239832AF6}.Release|Any CPU.Build.0 = Release|Any CPU
		{507DE008-21AC-469B-BC30-23B239832AF6}.Release|Mixed Platforms.ActiveCfg = Release|Any CPU
		{507DE008-21AC-469B-BC30-23B239832AF6}.Release|Mixed Platforms.Build.0 = Release|Any CPU
		{507DE008-21AC-469B-BC30-23B239832AF6}.Release|x86.ActiveCfg = Release|Any CPU
		{507DE008-21AC-469B-BC30-23B239832AF6}.Release|x86.Build.0 = Release|Any CPU
		{8BC521AD-81CF-4E6C-8898-BE67527E7064}.Debug|Any CPU.ActiveCfg = Debug|Any CPU
		{8BC521AD-81CF-4E6C-8898-BE67527E7064}.Debug|Any CPU.Build.0 = Debug|Any CPU
		{8BC521AD-81CF-4E6C-8898-BE67527E7064}.Debug|Mixed Platforms.ActiveCfg = Debug|Any CPU
		{8BC521AD-81CF-4E6C-8898-BE67527E7064}.Debug|Mixed Platforms.Build.0 = Debug|Any CPU
		{8BC521AD-81CF-4E6C-8898-BE67527E7064}.Debug|x86.ActiveCfg = Debug|Any CPU
		{8BC521AD-81CF-4E6C-8898-BE67527E7064}.Debug|x86.Build.0 = Debug|Any CPU
		{8BC521AD-81CF-4E6C-8898-BE67527E7064}.Release|Any CPU.ActiveCfg = Release|Any CPU
		{8BC521AD-81CF-4E6C-8898-BE67527E7064}.Release|Any CPU.Build.0 = Release|Any CPU
		{8BC521AD-81CF-4E6C-8898-BE67527E7064}.Release|Mixed Platforms.ActiveCfg = Release|Any CPU
		{8BC521AD-81CF-4E6C-8898-BE67527E7064}.Release|Mixed Platforms.Build.0 = Release|Any CPU
		{8BC521AD-81CF-4E6C-8898-BE67527E7064}.Release|x86.ActiveCfg = Release|Any CPU
		{8BC521AD-81CF-4E6C-8898-BE67527E7064}.Release|x86.Build.0 = Release|Any CPU
		{358E87D7-849F-412A-B487-F7B7D585A7F9}.Debug|Any CPU.ActiveCfg = Debug|Any CPU
		{358E87D7-849F-412A-B487-F7B7D585A7F9}.Debug|Any CPU.Build.0 = Debug|Any CPU
		{358E87D7-849F-412A-B487-F7B7D585A7F9}.Debug|Mixed Platforms.ActiveCfg = Debug|Any CPU
		{358E87D7-849F-412A-B487-F7B7D585A7F9}.Debug|Mixed Platforms.Build.0 = Debug|Any CPU
		{358E87D7-849F-412A-B487-F7B7D585A7F9}.Debug|x86.ActiveCfg = Debug|Any CPU
		{358E87D7-849F-412A-B487-F7B7D585A7F9}.Debug|x86.Build.0 = Debug|Any CPU
		{358E87D7-849F-412A-B487-F7B7D585A7F9}.Release|Any CPU.ActiveCfg = Release|Any CPU
		{358E87D7-849F-412A-B487-F7B7D585A7F9}.Release|Any CPU.Build.0 = Release|Any CPU
		{358E87D7-849F-412A-B487-F7B7D585A7F9}.Release|Mixed Platforms.ActiveCfg = Release|Any CPU
		{358E87D7-849F-412A-B487-F7B7D585A7F9}.Release|Mixed Platforms.Build.0 = Release|Any CPU
		{358E87D7-849F-412A-B487-F7B7D585A7F9}.Release|x86.ActiveCfg = Release|Any CPU
		{358E87D7-849F-412A-B487-F7B7D585A7F9}.Release|x86.Build.0 = Release|Any CPU
		{610DB007-5F74-4B5D-8B71-5E2C163A99B3}.Debug|Any CPU.ActiveCfg = Debug|Any CPU
		{610DB007-5F74-4B5D-8B71-5E2C163A99B3}.Debug|Any CPU.Build.0 = Debug|Any CPU
		{610DB007-5F74-4B5D-8B71-5E2C163A99B3}.Debug|Mixed Platforms.ActiveCfg = Debug|Any CPU
		{610DB007-5F74-4B5D-8B71-5E2C163A99B3}.Debug|Mixed Platforms.Build.0 = Debug|Any CPU
		{610DB007-5F74-4B5D-8B71-5E2C163A99B3}.Debug|x86.ActiveCfg = Debug|Any CPU
		{610DB007-5F74-4B5D-8B71-5E2C163A99B3}.Debug|x86.Build.0 = Debug|Any CPU
		{610DB007-5F74-4B5D-8B71-5E2C163A99B3}.Release|Any CPU.ActiveCfg = Release|Any CPU
		{610DB007-5F74-4B5D-8B71-5E2C163A99B3}.Release|Any CPU.Build.0 = Release|Any CPU
		{610DB007-5F74-4B5D-8B71-5E2C163A99B3}.Release|Mixed Platforms.ActiveCfg = Release|Any CPU
		{610DB007-5F74-4B5D-8B71-5E2C163A99B3}.Release|Mixed Platforms.Build.0 = Release|Any CPU
		{610DB007-5F74-4B5D-8B71-5E2C163A99B3}.Release|x86.ActiveCfg = Release|Any CPU
		{610DB007-5F74-4B5D-8B71-5E2C163A99B3}.Release|x86.Build.0 = Release|Any CPU
		{D3B0AD67-44D8-4B3D-BED9-CE1FD6DE2C5A}.Debug|Any CPU.ActiveCfg = Debug|Any CPU
		{D3B0AD67-44D8-4B3D-BED9-CE1FD6DE2C5A}.Debug|Any CPU.Build.0 = Debug|Any CPU
		{D3B0AD67-44D8-4B3D-BED9-CE1FD6DE2C5A}.Debug|Mixed Platforms.ActiveCfg = Debug|Any CPU
		{D3B0AD67-44D8-4B3D-BED9-CE1FD6DE2C5A}.Debug|Mixed Platforms.Build.0 = Debug|Any CPU
		{D3B0AD67-44D8-4B3D-BED9-CE1FD6DE2C5A}.Debug|x86.ActiveCfg = Debug|Any CPU
		{D3B0AD67-44D8-4B3D-BED9-CE1FD6DE2C5A}.Debug|x86.Build.0 = Debug|Any CPU
		{D3B0AD67-44D8-4B3D-BED9-CE1FD6DE2C5A}.Release|Any CPU.ActiveCfg = Release|Any CPU
		{D3B0AD67-44D8-4B3D-BED9-CE1FD6DE2C5A}.Release|Any CPU.Build.0 = Release|Any CPU
		{D3B0AD67-44D8-4B3D-BED9-CE1FD6DE2C5A}.Release|Mixed Platforms.ActiveCfg = Release|Any CPU
		{D3B0AD67-44D8-4B3D-BED9-CE1FD6DE2C5A}.Release|Mixed Platforms.Build.0 = Release|Any CPU
		{D3B0AD67-44D8-4B3D-BED9-CE1FD6DE2C5A}.Release|x86.ActiveCfg = Release|Any CPU
		{D3B0AD67-44D8-4B3D-BED9-CE1FD6DE2C5A}.Release|x86.Build.0 = Release|Any CPU
		{288A26EC-B690-41A2-84E5-61C9B7B74046}.Debug|Any CPU.ActiveCfg = Debug|Any CPU
		{288A26EC-B690-41A2-84E5-61C9B7B74046}.Debug|Any CPU.Build.0 = Debug|Any CPU
		{288A26EC-B690-41A2-84E5-61C9B7B74046}.Debug|Mixed Platforms.ActiveCfg = Debug|Any CPU
		{288A26EC-B690-41A2-84E5-61C9B7B74046}.Debug|Mixed Platforms.Build.0 = Debug|Any CPU
		{288A26EC-B690-41A2-84E5-61C9B7B74046}.Debug|x86.ActiveCfg = Debug|Any CPU
		{288A26EC-B690-41A2-84E5-61C9B7B74046}.Debug|x86.Build.0 = Debug|Any CPU
		{288A26EC-B690-41A2-84E5-61C9B7B74046}.Release|Any CPU.ActiveCfg = Release|Any CPU
		{288A26EC-B690-41A2-84E5-61C9B7B74046}.Release|Any CPU.Build.0 = Release|Any CPU
		{288A26EC-B690-41A2-84E5-61C9B7B74046}.Release|Mixed Platforms.ActiveCfg = Release|Any CPU
		{288A26EC-B690-41A2-84E5-61C9B7B74046}.Release|Mixed Platforms.Build.0 = Release|Any CPU
		{288A26EC-B690-41A2-84E5-61C9B7B74046}.Release|x86.ActiveCfg = Release|Any CPU
		{288A26EC-B690-41A2-84E5-61C9B7B74046}.Release|x86.Build.0 = Release|Any CPU
		{80C7DC34-E1F6-4DA8-AFFB-904C06A3623B}.Debug|Any CPU.ActiveCfg = Debug|Any CPU
		{80C7DC34-E1F6-4DA8-AFFB-904C06A3623B}.Debug|Any CPU.Build.0 = Debug|Any CPU
		{80C7DC34-E1F6-4DA8-AFFB-904C06A3623B}.Debug|Mixed Platforms.ActiveCfg = Debug|Any CPU
		{80C7DC34-E1F6-4DA8-AFFB-904C06A3623B}.Debug|Mixed Platforms.Build.0 = Debug|Any CPU
		{80C7DC34-E1F6-4DA8-AFFB-904C06A3623B}.Debug|x86.ActiveCfg = Debug|Any CPU
		{80C7DC34-E1F6-4DA8-AFFB-904C06A3623B}.Debug|x86.Build.0 = Debug|Any CPU
		{80C7DC34-E1F6-4DA8-AFFB-904C06A3623B}.Release|Any CPU.ActiveCfg = Release|Any CPU
		{80C7DC34-E1F6-4DA8-AFFB-904C06A3623B}.Release|Any CPU.Build.0 = Release|Any CPU
		{80C7DC34-E1F6-4DA8-AFFB-904C06A3623B}.Release|Mixed Platforms.ActiveCfg = Release|Any CPU
		{80C7DC34-E1F6-4DA8-AFFB-904C06A3623B}.Release|Mixed Platforms.Build.0 = Release|Any CPU
		{80C7DC34-E1F6-4DA8-AFFB-904C06A3623B}.Release|x86.ActiveCfg = Release|Any CPU
		{80C7DC34-E1F6-4DA8-AFFB-904C06A3623B}.Release|x86.Build.0 = Release|Any CPU
		{99510ED5-99E0-405D-BCAC-9159A7426D61}.Debug|Any CPU.ActiveCfg = Debug|Any CPU
		{99510ED5-99E0-405D-BCAC-9159A7426D61}.Debug|Any CPU.Build.0 = Debug|Any CPU
		{99510ED5-99E0-405D-BCAC-9159A7426D61}.Debug|Mixed Platforms.ActiveCfg = Debug|x86
		{99510ED5-99E0-405D-BCAC-9159A7426D61}.Debug|Mixed Platforms.Build.0 = Debug|x86
		{99510ED5-99E0-405D-BCAC-9159A7426D61}.Debug|x86.ActiveCfg = Debug|x86
		{99510ED5-99E0-405D-BCAC-9159A7426D61}.Debug|x86.Build.0 = Debug|x86
		{99510ED5-99E0-405D-BCAC-9159A7426D61}.Release|Any CPU.ActiveCfg = Release|Any CPU
		{99510ED5-99E0-405D-BCAC-9159A7426D61}.Release|Any CPU.Build.0 = Release|Any CPU
		{99510ED5-99E0-405D-BCAC-9159A7426D61}.Release|Mixed Platforms.ActiveCfg = Release|x86
		{99510ED5-99E0-405D-BCAC-9159A7426D61}.Release|Mixed Platforms.Build.0 = Release|x86
		{99510ED5-99E0-405D-BCAC-9159A7426D61}.Release|x86.ActiveCfg = Release|x86
		{99510ED5-99E0-405D-BCAC-9159A7426D61}.Release|x86.Build.0 = Release|x86
		{930668AA-0DD9-42A9-889A-D319567F1473}.Debug|Any CPU.ActiveCfg = Debug|Any CPU
		{930668AA-0DD9-42A9-889A-D319567F1473}.Debug|Any CPU.Build.0 = Debug|Any CPU
		{930668AA-0DD9-42A9-889A-D319567F1473}.Debug|Mixed Platforms.ActiveCfg = Debug|Any CPU
		{930668AA-0DD9-42A9-889A-D319567F1473}.Debug|Mixed Platforms.Build.0 = Debug|Any CPU
		{930668AA-0DD9-42A9-889A-D319567F1473}.Debug|x86.ActiveCfg = Debug|Any CPU
		{930668AA-0DD9-42A9-889A-D319567F1473}.Debug|x86.Build.0 = Debug|Any CPU
		{930668AA-0DD9-42A9-889A-D319567F1473}.Release|Any CPU.ActiveCfg = Release|Any CPU
		{930668AA-0DD9-42A9-889A-D319567F1473}.Release|Any CPU.Build.0 = Release|Any CPU
		{930668AA-0DD9-42A9-889A-D319567F1473}.Release|Mixed Platforms.ActiveCfg = Release|Any CPU
		{930668AA-0DD9-42A9-889A-D319567F1473}.Release|Mixed Platforms.Build.0 = Release|Any CPU
		{930668AA-0DD9-42A9-889A-D319567F1473}.Release|x86.ActiveCfg = Release|Any CPU
		{930668AA-0DD9-42A9-889A-D319567F1473}.Release|x86.Build.0 = Release|Any CPU
		{41B66BE4-6086-4AE3-BE31-C81EE6B10154}.Debug|Any CPU.ActiveCfg = Debug|Any CPU
		{41B66BE4-6086-4AE3-BE31-C81EE6B10154}.Debug|Any CPU.Build.0 = Debug|Any CPU
		{41B66BE4-6086-4AE3-BE31-C81EE6B10154}.Debug|Mixed Platforms.ActiveCfg = Debug|Any CPU
		{41B66BE4-6086-4AE3-BE31-C81EE6B10154}.Debug|Mixed Platforms.Build.0 = Debug|Any CPU
		{41B66BE4-6086-4AE3-BE31-C81EE6B10154}.Debug|x86.ActiveCfg = Debug|Any CPU
		{41B66BE4-6086-4AE3-BE31-C81EE6B10154}.Debug|x86.Build.0 = Debug|Any CPU
		{41B66BE4-6086-4AE3-BE31-C81EE6B10154}.Release|Any CPU.ActiveCfg = Release|Any CPU
		{41B66BE4-6086-4AE3-BE31-C81EE6B10154}.Release|Any CPU.Build.0 = Release|Any CPU
		{41B66BE4-6086-4AE3-BE31-C81EE6B10154}.Release|Mixed Platforms.ActiveCfg = Release|Any CPU
		{41B66BE4-6086-4AE3-BE31-C81EE6B10154}.Release|Mixed Platforms.Build.0 = Release|Any CPU
		{41B66BE4-6086-4AE3-BE31-C81EE6B10154}.Release|x86.ActiveCfg = Release|Any CPU
		{41B66BE4-6086-4AE3-BE31-C81EE6B10154}.Release|x86.Build.0 = Release|Any CPU
		{BE467E28-C202-4D71-BB17-9086861AD75F}.Debug|Any CPU.ActiveCfg = Debug|Any CPU
		{BE467E28-C202-4D71-BB17-9086861AD75F}.Debug|Any CPU.Build.0 = Debug|Any CPU
		{BE467E28-C202-4D71-BB17-9086861AD75F}.Debug|Mixed Platforms.ActiveCfg = Debug|Any CPU
		{BE467E28-C202-4D71-BB17-9086861AD75F}.Debug|Mixed Platforms.Build.0 = Debug|Any CPU
		{BE467E28-C202-4D71-BB17-9086861AD75F}.Debug|x86.ActiveCfg = Debug|Any CPU
		{BE467E28-C202-4D71-BB17-9086861AD75F}.Debug|x86.Build.0 = Debug|Any CPU
		{BE467E28-C202-4D71-BB17-9086861AD75F}.Release|Any CPU.ActiveCfg = Release|Any CPU
		{BE467E28-C202-4D71-BB17-9086861AD75F}.Release|Any CPU.Build.0 = Release|Any CPU
		{BE467E28-C202-4D71-BB17-9086861AD75F}.Release|Mixed Platforms.ActiveCfg = Release|Any CPU
		{BE467E28-C202-4D71-BB17-9086861AD75F}.Release|Mixed Platforms.Build.0 = Release|Any CPU
		{BE467E28-C202-4D71-BB17-9086861AD75F}.Release|x86.ActiveCfg = Release|Any CPU
		{BE467E28-C202-4D71-BB17-9086861AD75F}.Release|x86.Build.0 = Release|Any CPU
		{3D34943B-CACA-426D-9FC0-661531668E87}.Debug|Any CPU.ActiveCfg = Debug|Any CPU
		{3D34943B-CACA-426D-9FC0-661531668E87}.Debug|Any CPU.Build.0 = Debug|Any CPU
		{3D34943B-CACA-426D-9FC0-661531668E87}.Debug|Mixed Platforms.ActiveCfg = Debug|Any CPU
		{3D34943B-CACA-426D-9FC0-661531668E87}.Debug|Mixed Platforms.Build.0 = Debug|Any CPU
		{3D34943B-CACA-426D-9FC0-661531668E87}.Debug|x86.ActiveCfg = Debug|Any CPU
		{3D34943B-CACA-426D-9FC0-661531668E87}.Debug|x86.Build.0 = Debug|Any CPU
		{3D34943B-CACA-426D-9FC0-661531668E87}.Release|Any CPU.ActiveCfg = Release|Any CPU
		{3D34943B-CACA-426D-9FC0-661531668E87}.Release|Any CPU.Build.0 = Release|Any CPU
		{3D34943B-CACA-426D-9FC0-661531668E87}.Release|Mixed Platforms.ActiveCfg = Release|Any CPU
		{3D34943B-CACA-426D-9FC0-661531668E87}.Release|Mixed Platforms.Build.0 = Release|Any CPU
		{3D34943B-CACA-426D-9FC0-661531668E87}.Release|x86.ActiveCfg = Release|Any CPU
		{3D34943B-CACA-426D-9FC0-661531668E87}.Release|x86.Build.0 = Release|Any CPU
	EndGlobalSection
	GlobalSection(SolutionProperties) = preSolution
		HideSolutionNode = FALSE
	EndGlobalSection
EndGlobal
